
Microsoft Visual Studio Solution File, Format Version 12.00
# Visual Studio Version 17
VisualStudioVersion = 17.11.35312.102
MinimumVisualStudioVersion = 10.0.40219.1
Project("{FAE04EC0-301F-11D3-BF4B-00C04F79EFBC}") = "Lab_07_task6", "Lab_07_task6\Lab_07_task6.csproj", "{1F19A00D-224B-46C0-994B-75F77628ECEC}"
EndProject
Global
	GlobalSection(SolutionConfigurationPlatforms) = preSolution
		Debug|Any CPU = Debug|Any CPU
		Release|Any CPU = Release|Any CPU
	EndGlobalSection
	GlobalSection(ProjectConfigurationPlatforms) = postSolution
		{1F19A00D-224B-46C0-994B-75F77628ECEC}.Debug|Any CPU.ActiveCfg = Debug|Any CPU
		{1F19A00D-224B-46C0-994B-75F77628ECEC}.Debug|Any CPU.Build.0 = Debug|Any CPU
		{1F19A00D-224B-46C0-994B-75F77628ECEC}.Release|Any CPU.ActiveCfg = Release|Any CPU
		{1F19A00D-224B-46C0-994B-75F77628ECEC}.Release|Any CPU.Build.0 = Release|Any CPU
	EndGlobalSection
	GlobalSection(SolutionProperties) = preSolution
		HideSolutionNode = FALSE
	EndGlobalSection
	GlobalSection(ExtensibilityGlobals) = postSolution
		SolutionGuid = {615FB08B-E0BC-423A-B871-A421EE25A221}
	EndGlobalSection
EndGlobal
